
Microsoft Visual Studio Solution File, Format Version 12.00
# Visual Studio Version 17
VisualStudioVersion = 17.3.32929.385
MinimumVisualStudioVersion = 10.0.40219.1
Project("{FAE04EC0-301F-11D3-BF4B-00C04F79EFBC}") = "harjoitusajoneuvo", "harjoitusajoneuvo\harjoitusajoneuvo.csproj", "{2B31CCCF-8427-4096-A8D7-1B2F3F78ECCD}"
EndProject
Global
	GlobalSection(SolutionConfigurationPlatforms) = preSolution
		Debug|Any CPU = Debug|Any CPU
		Release|Any CPU = Release|Any CPU
	EndGlobalSection
	GlobalSection(ProjectConfigurationPlatforms) = postSolution
		{2B31CCCF-8427-4096-A8D7-1B2F3F78ECCD}.Debug|Any CPU.ActiveCfg = Debug|Any CPU
		{2B31CCCF-8427-4096-A8D7-1B2F3F78ECCD}.Debug|Any CPU.Build.0 = Debug|Any CPU
		{2B31CCCF-8427-4096-A8D7-1B2F3F78ECCD}.Release|Any CPU.ActiveCfg = Release|Any CPU
		{2B31CCCF-8427-4096-A8D7-1B2F3F78ECCD}.Release|Any CPU.Build.0 = Release|Any CPU
	EndGlobalSection
	GlobalSection(SolutionProperties) = preSolution
		HideSolutionNode = FALSE
	EndGlobalSection
	GlobalSection(ExtensibilityGlobals) = postSolution
		SolutionGuid = {5E2789ED-8B4F-4EE8-8EDF-ADE669688E1E}
	EndGlobalSection
EndGlobal
