
Microsoft Visual Studio Solution File, Format Version 12.00
# Visual Studio Version 17
VisualStudioVersion = 17.3.32929.385
MinimumVisualStudioVersion = 10.0.40219.1
Project("{FAE04EC0-301F-11D3-BF4B-00C04F79EFBC}") = "ajoneuvo", "ajoneuvo\ajoneuvo.csproj", "{4E00C372-6757-4DE3-AB0E-56BFF5AAFFB8}"
EndProject
Global
	GlobalSection(SolutionConfigurationPlatforms) = preSolution
		Debug|Any CPU = Debug|Any CPU
		Release|Any CPU = Release|Any CPU
	EndGlobalSection
	GlobalSection(ProjectConfigurationPlatforms) = postSolution
		{4E00C372-6757-4DE3-AB0E-56BFF5AAFFB8}.Debug|Any CPU.ActiveCfg = Debug|Any CPU
		{4E00C372-6757-4DE3-AB0E-56BFF5AAFFB8}.Debug|Any CPU.Build.0 = Debug|Any CPU
		{4E00C372-6757-4DE3-AB0E-56BFF5AAFFB8}.Release|Any CPU.ActiveCfg = Release|Any CPU
		{4E00C372-6757-4DE3-AB0E-56BFF5AAFFB8}.Release|Any CPU.Build.0 = Release|Any CPU
	EndGlobalSection
	GlobalSection(SolutionProperties) = preSolution
		HideSolutionNode = FALSE
	EndGlobalSection
	GlobalSection(ExtensibilityGlobals) = postSolution
		SolutionGuid = {BDB7F09C-D497-4E62-A091-9909C89947EA}
	EndGlobalSection
EndGlobal
